// !$*UTF8*$!
{
	archiveVersion = 1;
	classes = {
	};
	objectVersion = 56;
	objects = {

/* Begin PBXBuildFile section */
		2EA1D0312C621D6500A3A437 /* YourWaifuAI_v0App.swift in Sources */ = {isa = PBXBuildFile; fileRef = 2EA1D0302C621D6500A3A437 /* YourWaifuAI_v0App.swift */; };
		2EA1D0332C621D6500A3A437 /* ContentView.swift in Sources */ = {isa = PBXBuildFile; fileRef = 2EA1D0322C621D6500A3A437 /* ContentView.swift */; };
		2EA1D0352C621D6700A3A437 /* Assets.xcassets in Resources */ = {isa = PBXBuildFile; fileRef = 2EA1D0342C621D6700A3A437 /* Assets.xcassets */; };
		2EA1D0382C621D6700A3A437 /* Preview Assets.xcassets in Resources */ = {isa = PBXBuildFile; fileRef = 2EA1D0372C621D6700A3A437 /* Preview Assets.xcassets */; };
		2EA1D0402C621D8900A3A437 /* ChatService.swift in Sources */ = {isa = PBXBuildFile; fileRef = 2EA1D03F2C621D8900A3A437 /* ChatService.swift */; };
		2EA1D0432C621DA500A3A437 /* ChatModel.swift in Sources */ = {isa = PBXBuildFile; fileRef = 2EA1D0422C621DA500A3A437 /* ChatModel.swift */; };
/* End PBXBuildFile section */

/* Begin PBXFileReference section */
		2EA1D02D2C621D6500A3A437 /* YourWaifuAI_v0.app */ = {isa = PBXFileReference; explicitFileType = wrapper.application; includeInIndex = 0; path = YourWaifuAI_v0.app; sourceTree = BUILT_PRODUCTS_DIR; };
		2EA1D0302C621D6500A3A437 /* YourWaifuAI_v0App.swift */ = {isa = PBXFileReference; lastKnownFileType = sourcecode.swift; path = YourWaifuAI_v0App.swift; sourceTree = "<group>"; };
		2EA1D0322C621D6500A3A437 /* ContentView.swift */ = {isa = PBXFileReference; lastKnownFileType = sourcecode.swift; path = ContentView.swift; sourceTree = "<group>"; };
		2EA1D0342C621D6700A3A437 /* Assets.xcassets */ = {isa = PBXFileReference; lastKnownFileType = folder.assetcatalog; path = Assets.xcassets; sourceTree = "<group>"; };
		2EA1D0372C621D6700A3A437 /* Preview Assets.xcassets */ = {isa = PBXFileReference; lastKnownFileType = folder.assetcatalog; path = "Preview Assets.xcassets"; sourceTree = "<group>"; };
		2EA1D03F2C621D8900A3A437 /* ChatService.swift */ = {isa = PBXFileReference; lastKnownFileType = sourcecode.swift; path = ChatService.swift; sourceTree = "<group>"; };
		2EA1D0422C621DA500A3A437 /* ChatModel.swift */ = {isa = PBXFileReference; lastKnownFileType = sourcecode.swift; path = ChatModel.swift; sourceTree = "<group>"; };
/* End PBXFileReference section */

/* Begin PBXFrameworksBuildPhase section */
		2EA1D02A2C621D6500A3A437 /* Frameworks */ = {
			isa = PBXFrameworksBuildPhase;
			buildActionMask = 2147483647;
			files = (
			);
			runOnlyForDeploymentPostprocessing = 0;
		};
/* End PBXFrameworksBuildPhase section */

/* Begin PBXGroup section */
		2EA1D0242C621D6500A3A437 = {
			isa = PBXGroup;
			children = (
				2EA1D02F2C621D6500A3A437 /* YourWaifuAI_v0 */,
				2EA1D02E2C621D6500A3A437 /* Products */,
			);
			sourceTree = "<group>";
		};
		2EA1D02E2C621D6500A3A437 /* Products */ = {
			isa = PBXGroup;
			children = (
				2EA1D02D2C621D6500A3A437 /* YourWaifuAI_v0.app */,
			);
			name = Products;
			sourceTree = "<group>";
		};
		2EA1D02F2C621D6500A3A437 /* YourWaifuAI_v0 */ = {
			isa = PBXGroup;
			children = (
				2EA1D0302C621D6500A3A437 /* YourWaifuAI_v0App.swift */,
				2EA1D0322C621D6500A3A437 /* ContentView.swift */,
				2EA1D0412C621D9A00A3A437 /* models */,
				2EA1D03E2C621D7500A3A437 /* services */,
				2EA1D0342C621D6700A3A437 /* Assets.xcassets */,
				2EA1D0362C621D6700A3A437 /* Preview Content */,
			);
			path = YourWaifuAI_v0;
			sourceTree = "<group>";
		};
		2EA1D0362C621D6700A3A437 /* Preview Content */ = {
			isa = PBXGroup;
			children = (
				2EA1D0372C621D6700A3A437 /* Preview Assets.xcassets */,
			);
			path = "Preview Content";
			sourceTree = "<group>";
		};
		2EA1D03E2C621D7500A3A437 /* services */ = {
			isa = PBXGroup;
			children = (
				2EA1D03F2C621D8900A3A437 /* ChatService.swift */,
			);
			path = services;
			sourceTree = "<group>";
		};
		2EA1D0412C621D9A00A3A437 /* models */ = {
			isa = PBXGroup;
			children = (
				2EA1D0422C621DA500A3A437 /* ChatModel.swift */,
			);
			path = models;
			sourceTree = "<group>";
		};
/* End PBXGroup section */

/* Begin PBXNativeTarget section */
		2EA1D02C2C621D6500A3A437 /* YourWaifuAI_v0 */ = {
			isa = PBXNativeTarget;
			buildConfigurationList = 2EA1D03B2C621D6700A3A437 /* Build configuration list for PBXNativeTarget "YourWaifuAI_v0" */;
			buildPhases = (
				2EA1D0292C621D6500A3A437 /* Sources */,
				2EA1D02A2C621D6500A3A437 /* Frameworks */,
				2EA1D02B2C621D6500A3A437 /* Resources */,
			);
			buildRules = (
			);
			dependencies = (
			);
			name = YourWaifuAI_v0;
			productName = YourWaifuAI_v0;
			productReference = 2EA1D02D2C621D6500A3A437 /* YourWaifuAI_v0.app */;
			productType = "com.apple.product-type.application";
		};
/* End PBXNativeTarget section */

/* Begin PBXProject section */
		2EA1D0252C621D6500A3A437 /* Project object */ = {
			isa = PBXProject;
			attributes = {
				BuildIndependentTargetsInParallel = 1;
				LastSwiftUpdateCheck = 1530;
				LastUpgradeCheck = 1530;
				TargetAttributes = {
					2EA1D02C2C621D6500A3A437 = {
						CreatedOnToolsVersion = 15.3;
					};
				};
			};
			buildConfigurationList = 2EA1D0282C621D6500A3A437 /* Build configuration list for PBXProject "YourWaifuAI_v0" */;
			compatibilityVersion = "Xcode 14.0";
			developmentRegion = en;
			hasScannedForEncodings = 0;
			knownRegions = (
				en,
				Base,
			);
			mainGroup = 2EA1D0242C621D6500A3A437;
			productRefGroup = 2EA1D02E2C621D6500A3A437 /* Products */;
			projectDirPath = "";
			projectRoot = "";
			targets = (
				2EA1D02C2C621D6500A3A437 /* YourWaifuAI_v0 */,
			);
		};
/* End PBXProject section */

/* Begin PBXResourcesBuildPhase section */
		2EA1D02B2C621D6500A3A437 /* Resources */ = {
			isa = PBXResourcesBuildPhase;
			buildActionMask = 2147483647;
			files = (
				2EA1D0382C621D6700A3A437 /* Preview Assets.xcassets in Resources */,
				2EA1D0352C621D6700A3A437 /* Assets.xcassets in Resources */,
			);
			runOnlyForDeploymentPostprocessing = 0;
		};
/* End PBXResourcesBuildPhase section */

/* Begin PBXSourcesBuildPhase section */
		2EA1D0292C621D6500A3A437 /* Sources */ = {
			isa = PBXSourcesBuildPhase;
			buildActionMask = 2147483647;
			files = (
				2EA1D0332C621D6500A3A437 /* ContentView.swift in Sources */,
				2EA1D0312C621D6500A3A437 /* YourWaifuAI_v0App.swift in Sources */,
				2EA1D0402C621D8900A3A437 /* ChatService.swift in Sources */,
				2EA1D0432C621DA500A3A437 /* ChatModel.swift in Sources */,
			);
			runOnlyForDeploymentPostprocessing = 0;
		};
/* End PBXSourcesBuildPhase section */

/* Begin XCBuildConfiguration section */
		2EA1D0392C621D6700A3A437 /* Debug */ = {
			isa = XCBuildConfiguration;
			buildSettings = {
				ALWAYS_SEARCH_USER_PATHS = NO;
				ASSETCATALOG_COMPILER_GENERATE_SWIFT_ASSET_SYMBOL_EXTENSIONS = YES;
				CLANG_ANALYZER_NONNULL = YES;
				CLANG_ANALYZER_NUMBER_OBJECT_CONVERSION = YES_AGGRESSIVE;
				CLANG_CXX_LANGUAGE_STANDARD = "gnu++20";
				CLANG_ENABLE_MODULES = YES;
				CLANG_ENABLE_OBJC_ARC = YES;
				CLANG_ENABLE_OBJC_WEAK = YES;
				CLANG_WARN_BLOCK_CAPTURE_AUTORELEASING = YES;
				CLANG_WARN_BOOL_CONVERSION = YES;
				CLANG_WARN_COMMA = YES;
				CLANG_WARN_CONSTANT_CONVERSION = YES;
				CLANG_WARN_DEPRECATED_OBJC_IMPLEMENTATIONS = YES;
				CLANG_WARN_DIRECT_OBJC_ISA_USAGE = YES_ERROR;
				CLANG_WARN_DOCUMENTATION_COMMENTS = YES;
				CLANG_WARN_EMPTY_BODY = YES;
				CLANG_WARN_ENUM_CONVERSION = YES;
				CLANG_WARN_INFINITE_RECURSION = YES;
				CLANG_WARN_INT_CONVERSION = YES;
				CLANG_WARN_NON_LITERAL_NULL_CONVERSION = YES;
				CLANG_WARN_OBJC_IMPLICIT_RETAIN_SELF = YES;
				CLANG_WARN_OBJC_LITERAL_CONVERSION = YES;
				CLANG_WARN_OBJC_ROOT_CLASS = YES_ERROR;
				CLANG_WARN_QUOTED_INCLUDE_IN_FRAMEWORK_HEADER = YES;
				CLANG_WARN_RANGE_LOOP_ANALYSIS = YES;
				CLANG_WARN_STRICT_PROTOTYPES = YES;
				CLANG_WARN_SUSPICIOUS_MOVE = YES;
				CLANG_WARN_UNGUARDED_AVAILABILITY = YES_AGGRESSIVE;
				CLANG_WARN_UNREACHABLE_CODE = YES;
				CLANG_WARN__DUPLICATE_METHOD_MATCH = YES;
				COPY_PHASE_STRIP = NO;
				DEBUG_INFORMATION_FORMAT = dwarf;
				ENABLE_STRICT_OBJC_MSGSEND = YES;
				ENABLE_TESTABILITY = YES;
				ENABLE_USER_SCRIPT_SANDBOXING = YES;
				GCC_C_LANGUAGE_STANDARD = gnu17;
				GCC_DYNAMIC_NO_PIC = NO;
				GCC_NO_COMMON_BLOCKS = YES;
				GCC_OPTIMIZATION_LEVEL = 0;
				GCC_PREPROCESSOR_DEFINITIONS = (
					"DEBUG=1",
					"$(inherited)",
				);
				GCC_WARN_64_TO_32_BIT_CONVERSION = YES;
				GCC_WARN_ABOUT_RETURN_TYPE = YES_ERROR;
				GCC_WARN_UNDECLARED_SELECTOR = YES;
				GCC_WARN_UNINITIALIZED_AUTOS = YES_AGGRESSIVE;
				GCC_WARN_UNUSED_FUNCTION = YES;
				GCC_WARN_UNUSED_VARIABLE = YES;
				IPHONEOS_DEPLOYMENT_TARGET = 17.4;
				LOCALIZATION_PREFERS_STRING_CATALOGS = YES;
				MTL_ENABLE_DEBUG_INFO = INCLUDE_SOURCE;
				MTL_FAST_MATH = YES;
				ONLY_ACTIVE_ARCH = YES;
				SDKROOT = iphoneos;
				SWIFT_ACTIVE_COMPILATION_CONDITIONS = "DEBUG $(inherited)";
				SWIFT_OPTIMIZATION_LEVEL = "-Onone";
			};
			name = Debug;
		};
		2EA1D03A2C621D6700A3A437 /* Release */ = {
			isa = XCBuildConfiguration;
			buildSettings = {
				ALWAYS_SEARCH_USER_PATHS = NO;
				ASSETCATALOG_COMPILER_GENERATE_SWIFT_ASSET_SYMBOL_EXTENSIONS = YES;
				CLANG_ANALYZER_NONNULL = YES;
				CLANG_ANALYZER_NUMBER_OBJECT_CONVERSION = YES_AGGRESSIVE;
				CLANG_CXX_LANGUAGE_STANDARD = "gnu++20";
				CLANG_ENABLE_MODULES = YES;
				CLANG_ENABLE_OBJC_ARC = YES;
				CLANG_ENABLE_OBJC_WEAK = YES;
				CLANG_WARN_BLOCK_CAPTURE_AUTORELEASING = YES;
				CLANG_WARN_BOOL_CONVERSION = YES;
				CLANG_WARN_COMMA = YES;
				CLANG_WARN_CONSTANT_CONVERSION = YES;
				CLANG_WARN_DEPRECATED_OBJC_IMPLEMENTATIONS = YES;
				CLANG_WARN_DIRECT_OBJC_ISA_USAGE = YES_ERROR;
				CLANG_WARN_DOCUMENTATION_COMMENTS = YES;
				CLANG_WARN_EMPTY_BODY = YES;
				CLANG_WARN_ENUM_CONVERSION = YES;
				CLANG_WARN_INFINITE_RECURSION = YES;
				CLANG_WARN_INT_CONVERSION = YES;
				CLANG_WARN_NON_LITERAL_NULL_CONVERSION = YES;
				CLANG_WARN_OBJC_IMPLICIT_RETAIN_SELF = YES;
				CLANG_WARN_OBJC_LITERAL_CONVERSION = YES;
				CLANG_WARN_OBJC_ROOT_CLASS = YES_ERROR;
				CLANG_WARN_QUOTED_INCLUDE_IN_FRAMEWORK_HEADER = YES;
				CLANG_WARN_RANGE_LOOP_ANALYSIS = YES;
				CLANG_WARN_STRICT_PROTOTYPES = YES;
				CLANG_WARN_SUSPICIOUS_MOVE = YES;
				CLANG_WARN_UNGUARDED_AVAILABILITY = YES_AGGRESSIVE;
				CLANG_WARN_UNREACHABLE_CODE = YES;
				CLANG_WARN__DUPLICATE_METHOD_MATCH = YES;
				COPY_PHASE_STRIP = NO;
				DEBUG_INFORMATION_FORMAT = "dwarf-with-dsym";
				ENABLE_NS_ASSERTIONS = NO;
				ENABLE_STRICT_OBJC_MSGSEND = YES;
				ENABLE_USER_SCRIPT_SANDBOXING = YES;
				GCC_C_LANGUAGE_STANDARD = gnu17;
				GCC_NO_COMMON_BLOCKS = YES;
				GCC_WARN_64_TO_32_BIT_CONVERSION = YES;
				GCC_WARN_ABOUT_RETURN_TYPE = YES_ERROR;
				GCC_WARN_UNDECLARED_SELECTOR = YES;
				GCC_WARN_UNINITIALIZED_AUTOS = YES_AGGRESSIVE;
				GCC_WARN_UNUSED_FUNCTION = YES;
				GCC_WARN_UNUSED_VARIABLE = YES;
				IPHONEOS_DEPLOYMENT_TARGET = 17.4;
				LOCALIZATION_PREFERS_STRING_CATALOGS = YES;
				MTL_ENABLE_DEBUG_INFO = NO;
				MTL_FAST_MATH = YES;
				SDKROOT = iphoneos;
				SWIFT_COMPILATION_MODE = wholemodule;
				VALIDATE_PRODUCT = YES;
			};
			name = Release;
		};
		2EA1D03C2C621D6700A3A437 /* Debug */ = {
			isa = XCBuildConfiguration;
			buildSettings = {
				ASSETCATALOG_COMPILER_APPICON_NAME = AppIcon;
				ASSETCATALOG_COMPILER_GLOBAL_ACCENT_COLOR_NAME = AccentColor;
				CODE_SIGN_STYLE = Automatic;
				CURRENT_PROJECT_VERSION = 1;
				DEVELOPMENT_ASSET_PATHS = "\"YourWaifuAI_v0/Preview Content\"";
				DEVELOPMENT_TEAM = C59QF2W8P6;
				ENABLE_PREVIEWS = YES;
				GENERATE_INFOPLIST_FILE = YES;
				INFOPLIST_KEY_UIApplicationSceneManifest_Generation = YES;
				INFOPLIST_KEY_UIApplicationSupportsIndirectInputEvents = YES;
				INFOPLIST_KEY_UILaunchScreen_Generation = YES;
				INFOPLIST_KEY_UISupportedInterfaceOrientations_iPad = "UIInterfaceOrientationPortrait UIInterfaceOrientationPortraitUpsideDown UIInterfaceOrientationLandscapeLeft UIInterfaceOrientationLandscapeRight";
				INFOPLIST_KEY_UISupportedInterfaceOrientations_iPhone = "UIInterfaceOrientationPortrait UIInterfaceOrientationLandscapeLeft UIInterfaceOrientationLandscapeRight";
				LD_RUNPATH_SEARCH_PATHS = (
					"$(inherited)",
					"@executable_path/Frameworks",
				);
				MARKETING_VERSION = 1.0;
				PRODUCT_BUNDLE_IDENTIFIER = "CalDev.YourWaifuAI-v0";
				PRODUCT_NAME = "$(TARGET_NAME)";
				SWIFT_EMIT_LOC_STRINGS = YES;
				SWIFT_VERSION = 5.0;
				TARGETED_DEVICE_FAMILY = "1,2";
			};
			name = Debug;
		};
		2EA1D03D2C621D6700A3A437 /* Release */ = {
			isa = XCBuildConfiguration;
			buildSettings = {
				ASSETCATALOG_COMPILER_APPICON_NAME = AppIcon;
				ASSETCATALOG_COMPILER_GLOBAL_ACCENT_COLOR_NAME = AccentColor;
				CODE_SIGN_STYLE = Automatic;
				CURRENT_PROJECT_VERSION = 1;
				DEVELOPMENT_ASSET_PATHS = "\"YourWaifuAI_v0/Preview Content\"";
				DEVELOPMENT_TEAM = C59QF2W8P6;
				ENABLE_PREVIEWS = YES;
				GENERATE_INFOPLIST_FILE = YES;
				INFOPLIST_KEY_UIApplicationSceneManifest_Generation = YES;
				INFOPLIST_KEY_UIApplicationSupportsIndirectInputEvents = YES;
				INFOPLIST_KEY_UILaunchScreen_Generation = YES;
				INFOPLIST_KEY_UISupportedInterfaceOrientations_iPad = "UIInterfaceOrientationPortrait UIInterfaceOrientationPortraitUpsideDown UIInterfaceOrientationLandscapeLeft UIInterfaceOrientationLandscapeRight";
				INFOPLIST_KEY_UISupportedInterfaceOrientations_iPhone = "UIInterfaceOrientationPortrait UIInterfaceOrientationLandscapeLeft UIInterfaceOrientationLandscapeRight";
				LD_RUNPATH_SEARCH_PATHS = (
					"$(inherited)",
					"@executable_path/Frameworks",
				);
				MARKETING_VERSION = 1.0;
				PRODUCT_BUNDLE_IDENTIFIER = "CalDev.YourWaifuAI-v0";
				PRODUCT_NAME = "$(TARGET_NAME)";
				SWIFT_EMIT_LOC_STRINGS = YES;
				SWIFT_VERSION = 5.0;
				TARGETED_DEVICE_FAMILY = "1,2";
			};
			name = Release;
		};
/* End XCBuildConfiguration section */

/* Begin XCConfigurationList section */
		2EA1D0282C621D6500A3A437 /* Build configuration list for PBXProject "YourWaifuAI_v0" */ = {
			isa = XCConfigurationList;
			buildConfigurations = (
				2EA1D0392C621D6700A3A437 /* Debug */,
				2EA1D03A2C621D6700A3A437 /* Release */,
			);
			defaultConfigurationIsVisible = 0;
			defaultConfigurationName = Release;
		};
		2EA1D03B2C621D6700A3A437 /* Build configuration list for PBXNativeTarget "YourWaifuAI_v0" */ = {
			isa = XCConfigurationList;
			buildConfigurations = (
				2EA1D03C2C621D6700A3A437 /* Debug */,
				2EA1D03D2C621D6700A3A437 /* Release */,
			);
			defaultConfigurationIsVisible = 0;
			defaultConfigurationName = Release;
		};
/* End XCConfigurationList section */
	};
	rootObject = 2EA1D0252C621D6500A3A437 /* Project object */;
}
